
Microsoft Visual Studio Solution File, Format Version 12.00
# Visual Studio Version 17
VisualStudioVersion = 17.8.34309.116
MinimumVisualStudioVersion = 10.0.40219.1
Project("{FAE04EC0-301F-11D3-BF4B-00C04F79EFBC}") = "WebApi", "WebApi.csproj", "{1597C5E6-4499-41F7-8953-42E1AA7F3A61}"
EndProject
Global
	GlobalSection(SolutionConfigurationPlatforms) = preSolution
		Debug|Any CPU = Debug|Any CPU
		Release|Any CPU = Release|Any CPU
	EndGlobalSection
	GlobalSection(ProjectConfigurationPlatforms) = postSolution
		{1597C5E6-4499-41F7-8953-42E1AA7F3A61}.Debug|Any CPU.ActiveCfg = Debug|Any CPU
		{1597C5E6-4499-41F7-8953-42E1AA7F3A61}.Debug|Any CPU.Build.0 = Debug|Any CPU
		{1597C5E6-4499-41F7-8953-42E1AA7F3A61}.Release|Any CPU.ActiveCfg = Release|Any CPU
		{1597C5E6-4499-41F7-8953-42E1AA7F3A61}.Release|Any CPU.Build.0 = Release|Any CPU
	EndGlobalSection
	GlobalSection(SolutionProperties) = preSolution
		HideSolutionNode = FALSE
	EndGlobalSection
	GlobalSection(ExtensibilityGlobals) = postSolution
		SolutionGuid = {461D5CE9-F0CD-427E-A718-11EF7D89E3B9}
	EndGlobalSection
EndGlobal
